// !$*UTF8*$!
{
	archiveVersion = 1;
	classes = {
	};
	objectVersion = 46;
	objects = {

/* Begin PBXBuildFile section */
		A276E8443102E9701EDE706D /* Pods_RainShineCloud.framework in Frameworks */ = {isa = PBXBuildFile; fileRef = 2C5C708C0E584AB7FA882752 /* Pods_RainShineCloud.framework */; };
		F04FB58F1EC25D2C00CE3FCD /* AppDelegate.swift in Sources */ = {isa = PBXBuildFile; fileRef = F04FB58E1EC25D2C00CE3FCD /* AppDelegate.swift */; };
		F04FB5911EC25D2C00CE3FCD /* WeatherVC.swift in Sources */ = {isa = PBXBuildFile; fileRef = F04FB5901EC25D2C00CE3FCD /* WeatherVC.swift */; };
		F04FB5941EC25D2C00CE3FCD /* Main.storyboard in Resources */ = {isa = PBXBuildFile; fileRef = F04FB5921EC25D2C00CE3FCD /* Main.storyboard */; };
		F04FB5961EC25D2C00CE3FCD /* Assets.xcassets in Resources */ = {isa = PBXBuildFile; fileRef = F04FB5951EC25D2C00CE3FCD /* Assets.xcassets */; };
		F04FB5991EC25D2C00CE3FCD /* LaunchScreen.storyboard in Resources */ = {isa = PBXBuildFile; fileRef = F04FB5971EC25D2C00CE3FCD /* LaunchScreen.storyboard */; };
		F0EF4B2B1EC50829005BFC63 /* Forecast.swift in Sources */ = {isa = PBXBuildFile; fileRef = F0EF4B2A1EC50829005BFC63 /* Forecast.swift */; };
		F0EF4B2D1EC57DC6005BFC63 /* ForecastTableViewCell.swift in Sources */ = {isa = PBXBuildFile; fileRef = F0EF4B2C1EC57DC6005BFC63 /* ForecastTableViewCell.swift */; };
		F0EF4B2F1EC58852005BFC63 /* Extensions+Utilities.swift in Sources */ = {isa = PBXBuildFile; fileRef = F0EF4B2E1EC58852005BFC63 /* Extensions+Utilities.swift */; };
		F0F3B2591EC29F4F0008DBEF /* WeatherQueryBuilder.swift in Sources */ = {isa = PBXBuildFile; fileRef = F0F3B2581EC29F4F0008DBEF /* WeatherQueryBuilder.swift */; };
		F0F3B25C1EC2AA650008DBEF /* CurrentWeather.swift in Sources */ = {isa = PBXBuildFile; fileRef = F0F3B25B1EC2AA650008DBEF /* CurrentWeather.swift */; };
/* End PBXBuildFile section */

/* Begin PBXFileReference section */
		0014A35FC4928291F9E74DE1 /* Pods-RainShineCloud.debug.xcconfig */ = {isa = PBXFileReference; includeInIndex = 1; lastKnownFileType = text.xcconfig; name = "Pods-RainShineCloud.debug.xcconfig"; path = "Pods/Target Support Files/Pods-RainShineCloud/Pods-RainShineCloud.debug.xcconfig"; sourceTree = "<group>"; };
		2C5C708C0E584AB7FA882752 /* Pods_RainShineCloud.framework */ = {isa = PBXFileReference; explicitFileType = wrapper.framework; includeInIndex = 0; path = Pods_RainShineCloud.framework; sourceTree = BUILT_PRODUCTS_DIR; };
		3E54FC2403BE364220C52AD8 /* Pods-RainShineCloud.release.xcconfig */ = {isa = PBXFileReference; includeInIndex = 1; lastKnownFileType = text.xcconfig; name = "Pods-RainShineCloud.release.xcconfig"; path = "Pods/Target Support Files/Pods-RainShineCloud/Pods-RainShineCloud.release.xcconfig"; sourceTree = "<group>"; };
		F04FB58B1EC25D2C00CE3FCD /* RainShineCloud.app */ = {isa = PBXFileReference; explicitFileType = wrapper.application; includeInIndex = 0; path = RainShineCloud.app; sourceTree = BUILT_PRODUCTS_DIR; };
		F04FB58E1EC25D2C00CE3FCD /* AppDelegate.swift */ = {isa = PBXFileReference; lastKnownFileType = sourcecode.swift; path = AppDelegate.swift; sourceTree = "<group>"; };
		F04FB5901EC25D2C00CE3FCD /* WeatherVC.swift */ = {isa = PBXFileReference; lastKnownFileType = sourcecode.swift; path = WeatherVC.swift; sourceTree = "<group>"; };
		F04FB5931EC25D2C00CE3FCD /* Base */ = {isa = PBXFileReference; lastKnownFileType = file.storyboard; name = Base; path = Base.lproj/Main.storyboard; sourceTree = "<group>"; };
		F04FB5951EC25D2C00CE3FCD /* Assets.xcassets */ = {isa = PBXFileReference; lastKnownFileType = folder.assetcatalog; path = Assets.xcassets; sourceTree = "<group>"; };
		F04FB5981EC25D2C00CE3FCD /* Base */ = {isa = PBXFileReference; lastKnownFileType = file.storyboard; name = Base; path = Base.lproj/LaunchScreen.storyboard; sourceTree = "<group>"; };
		F04FB59A1EC25D2C00CE3FCD /* Info.plist */ = {isa = PBXFileReference; lastKnownFileType = text.plist.xml; path = Info.plist; sourceTree = "<group>"; };
		F0EF4B2A1EC50829005BFC63 /* Forecast.swift */ = {isa = PBXFileReference; fileEncoding = 4; lastKnownFileType = sourcecode.swift; path = Forecast.swift; sourceTree = "<group>"; };
		F0EF4B2C1EC57DC6005BFC63 /* ForecastTableViewCell.swift */ = {isa = PBXFileReference; fileEncoding = 4; lastKnownFileType = sourcecode.swift; path = ForecastTableViewCell.swift; sourceTree = "<group>"; };
		F0EF4B2E1EC58852005BFC63 /* Extensions+Utilities.swift */ = {isa = PBXFileReference; fileEncoding = 4; lastKnownFileType = sourcecode.swift; path = "Extensions+Utilities.swift"; sourceTree = "<group>"; };
		F0F3B2581EC29F4F0008DBEF /* WeatherQueryBuilder.swift */ = {isa = PBXFileReference; fileEncoding = 4; lastKnownFileType = sourcecode.swift; path = WeatherQueryBuilder.swift; sourceTree = "<group>"; };
		F0F3B25B1EC2AA650008DBEF /* CurrentWeather.swift */ = {isa = PBXFileReference; fileEncoding = 4; lastKnownFileType = sourcecode.swift; path = CurrentWeather.swift; sourceTree = "<group>"; };
/* End PBXFileReference section */

/* Begin PBXFrameworksBuildPhase section */
		F04FB5881EC25D2C00CE3FCD /* Frameworks */ = {
			isa = PBXFrameworksBuildPhase;
			buildActionMask = 2147483647;
			files = (
				A276E8443102E9701EDE706D /* Pods_RainShineCloud.framework in Frameworks */,
			);
			runOnlyForDeploymentPostprocessing = 0;
		};
/* End PBXFrameworksBuildPhase section */

/* Begin PBXGroup section */
		5F4FC72C6D9C5587A651B325 /* Frameworks */ = {
			isa = PBXGroup;
			children = (
				2C5C708C0E584AB7FA882752 /* Pods_RainShineCloud.framework */,
			);
			name = Frameworks;
			sourceTree = "<group>";
		};
		69CE994AA5898F84F6832D1A /* Pods */ = {
			isa = PBXGroup;
			children = (
				0014A35FC4928291F9E74DE1 /* Pods-RainShineCloud.debug.xcconfig */,
				3E54FC2403BE364220C52AD8 /* Pods-RainShineCloud.release.xcconfig */,
			);
			name = Pods;
			sourceTree = "<group>";
		};
		F04FB5821EC25D2C00CE3FCD = {
			isa = PBXGroup;
			children = (
				F04FB58D1EC25D2C00CE3FCD /* RainShineCloud */,
				F04FB58C1EC25D2C00CE3FCD /* Products */,
				69CE994AA5898F84F6832D1A /* Pods */,
				5F4FC72C6D9C5587A651B325 /* Frameworks */,
			);
			sourceTree = "<group>";
		};
		F04FB58C1EC25D2C00CE3FCD /* Products */ = {
			isa = PBXGroup;
			children = (
				F04FB58B1EC25D2C00CE3FCD /* RainShineCloud.app */,
			);
			name = Products;
			sourceTree = "<group>";
		};
		F04FB58D1EC25D2C00CE3FCD /* RainShineCloud */ = {
			isa = PBXGroup;
			children = (
				F0F3B25A1EC2A94D0008DBEF /* Supporting Files */,
				F04FB5A21EC25E3100CE3FCD /* Controller */,
				F04FB5A11EC25DE900CE3FCD /* Model */,
				F04FB5A01EC25DCD00CE3FCD /* View */,
				F04FB5921EC25D2C00CE3FCD /* Main.storyboard */,
			);
			path = RainShineCloud;
			sourceTree = "<group>";
		};
		F04FB5A01EC25DCD00CE3FCD /* View */ = {
			isa = PBXGroup;
			children = (
				F0EF4B2C1EC57DC6005BFC63 /* ForecastTableViewCell.swift */,
			);
			name = View;
			sourceTree = "<group>";
		};
		F04FB5A11EC25DE900CE3FCD /* Model */ = {
			isa = PBXGroup;
			children = (
				F0F3B2581EC29F4F0008DBEF /* WeatherQueryBuilder.swift */,
				F0EF4B2A1EC50829005BFC63 /* Forecast.swift */,
				F0F3B25B1EC2AA650008DBEF /* CurrentWeather.swift */,
				F0EF4B2E1EC58852005BFC63 /* Extensions+Utilities.swift */,
			);
			name = Model;
			sourceTree = "<group>";
		};
		F04FB5A21EC25E3100CE3FCD /* Controller */ = {
			isa = PBXGroup;
			children = (
				F04FB5901EC25D2C00CE3FCD /* WeatherVC.swift */,
			);
			name = Controller;
			sourceTree = "<group>";
		};
		F0F3B25A1EC2A94D0008DBEF /* Supporting Files */ = {
			isa = PBXGroup;
			children = (
				F04FB5951EC25D2C00CE3FCD /* Assets.xcassets */,
				F04FB5971EC25D2C00CE3FCD /* LaunchScreen.storyboard */,
				F04FB59A1EC25D2C00CE3FCD /* Info.plist */,
				F04FB58E1EC25D2C00CE3FCD /* AppDelegate.swift */,
			);
			name = "Supporting Files";
			sourceTree = "<group>";
		};
/* End PBXGroup section */

/* Begin PBXNativeTarget section */
		F04FB58A1EC25D2C00CE3FCD /* RainShineCloud */ = {
			isa = PBXNativeTarget;
			buildConfigurationList = F04FB59D1EC25D2C00CE3FCD /* Build configuration list for PBXNativeTarget "RainShineCloud" */;
			buildPhases = (
				CC8479CF00F7831D0279D825 /* [CP] Check Pods Manifest.lock */,
				F04FB5871EC25D2C00CE3FCD /* Sources */,
				F04FB5881EC25D2C00CE3FCD /* Frameworks */,
				F04FB5891EC25D2C00CE3FCD /* Resources */,
				008EF85FB65AFDA60A577666 /* [CP] Embed Pods Frameworks */,
				D3059FE6600B676AC9951E32 /* [CP] Copy Pods Resources */,
			);
			buildRules = (
			);
			dependencies = (
			);
			name = RainShineCloud;
			productName = RainShineCloud;
			productReference = F04FB58B1EC25D2C00CE3FCD /* RainShineCloud.app */;
			productType = "com.apple.product-type.application";
		};
/* End PBXNativeTarget section */

/* Begin PBXProject section */
		F04FB5831EC25D2C00CE3FCD /* Project object */ = {
			isa = PBXProject;
			attributes = {
				LastSwiftUpdateCheck = 0830;
				LastUpgradeCheck = 0830;
				ORGANIZATIONNAME = "Scott Martin";
				TargetAttributes = {
					F04FB58A1EC25D2C00CE3FCD = {
						CreatedOnToolsVersion = 8.3.2;
						DevelopmentTeam = 3D7B87QZGQ;
						ProvisioningStyle = Automatic;
					};
				};
			};
			buildConfigurationList = F04FB5861EC25D2C00CE3FCD /* Build configuration list for PBXProject "RainShineCloud" */;
			compatibilityVersion = "Xcode 3.2";
			developmentRegion = English;
			hasScannedForEncodings = 0;
			knownRegions = (
				en,
				Base,
			);
			mainGroup = F04FB5821EC25D2C00CE3FCD;
			productRefGroup = F04FB58C1EC25D2C00CE3FCD /* Products */;
			projectDirPath = "";
			projectRoot = "";
			targets = (
				F04FB58A1EC25D2C00CE3FCD /* RainShineCloud */,
			);
		};
/* End PBXProject section */

/* Begin PBXResourcesBuildPhase section */
		F04FB5891EC25D2C00CE3FCD /* Resources */ = {
			isa = PBXResourcesBuildPhase;
			buildActionMask = 2147483647;
			files = (
				F04FB5991EC25D2C00CE3FCD /* LaunchScreen.storyboard in Resources */,
				F04FB5961EC25D2C00CE3FCD /* Assets.xcassets in Resources */,
				F04FB5941EC25D2C00CE3FCD /* Main.storyboard in Resources */,
			);
			runOnlyForDeploymentPostprocessing = 0;
		};
/* End PBXResourcesBuildPhase section */

/* Begin PBXShellScriptBuildPhase section */
		008EF85FB65AFDA60A577666 /* [CP] Embed Pods Frameworks */ = {
			isa = PBXShellScriptBuildPhase;
			buildActionMask = 2147483647;
			files = (
			);
			inputPaths = (
			);
			name = "[CP] Embed Pods Frameworks";
			outputPaths = (
			);
			runOnlyForDeploymentPostprocessing = 0;
			shellPath = /bin/sh;
			shellScript = "\"${SRCROOT}/Pods/Target Support Files/Pods-RainShineCloud/Pods-RainShineCloud-frameworks.sh\"\n";
			showEnvVarsInLog = 0;
		};
		CC8479CF00F7831D0279D825 /* [CP] Check Pods Manifest.lock */ = {
			isa = PBXShellScriptBuildPhase;
			buildActionMask = 2147483647;
			files = (
			);
			inputPaths = (
			);
			name = "[CP] Check Pods Manifest.lock";
			outputPaths = (
			);
			runOnlyForDeploymentPostprocessing = 0;
			shellPath = /bin/sh;
			shellScript = "diff \"${PODS_PODFILE_DIR_PATH}/Podfile.lock\" \"${PODS_ROOT}/Manifest.lock\" > /dev/null\nif [ $? != 0 ] ; then\n    # print error to STDERR\n    echo \"error: The sandbox is not in sync with the Podfile.lock. Run 'pod install' or update your CocoaPods installation.\" >&2\n    exit 1\nfi\n";
			showEnvVarsInLog = 0;
		};
		D3059FE6600B676AC9951E32 /* [CP] Copy Pods Resources */ = {
			isa = PBXShellScriptBuildPhase;
			buildActionMask = 2147483647;
			files = (
			);
			inputPaths = (
			);
			name = "[CP] Copy Pods Resources";
			outputPaths = (
			);
			runOnlyForDeploymentPostprocessing = 0;
			shellPath = /bin/sh;
			shellScript = "\"${SRCROOT}/Pods/Target Support Files/Pods-RainShineCloud/Pods-RainShineCloud-resources.sh\"\n";
			showEnvVarsInLog = 0;
		};
/* End PBXShellScriptBuildPhase section */

/* Begin PBXSourcesBuildPhase section */
		F04FB5871EC25D2C00CE3FCD /* Sources */ = {
			isa = PBXSourcesBuildPhase;
			buildActionMask = 2147483647;
			files = (
				F0EF4B2D1EC57DC6005BFC63 /* ForecastTableViewCell.swift in Sources */,
				F04FB5911EC25D2C00CE3FCD /* WeatherVC.swift in Sources */,
				F04FB58F1EC25D2C00CE3FCD /* AppDelegate.swift in Sources */,
				F0F3B25C1EC2AA650008DBEF /* CurrentWeather.swift in Sources */,
				F0F3B2591EC29F4F0008DBEF /* WeatherQueryBuilder.swift in Sources */,
				F0EF4B2B1EC50829005BFC63 /* Forecast.swift in Sources */,
				F0EF4B2F1EC58852005BFC63 /* Extensions+Utilities.swift in Sources */,
			);
			runOnlyForDeploymentPostprocessing = 0;
		};
/* End PBXSourcesBuildPhase section */

/* Begin PBXVariantGroup section */
		F04FB5921EC25D2C00CE3FCD /* Main.storyboard */ = {
			isa = PBXVariantGroup;
			children = (
				F04FB5931EC25D2C00CE3FCD /* Base */,
			);
			name = Main.storyboard;
			sourceTree = "<group>";
		};
		F04FB5971EC25D2C00CE3FCD /* LaunchScreen.storyboard */ = {
			isa = PBXVariantGroup;
			children = (
				F04FB5981EC25D2C00CE3FCD /* Base */,
			);
			name = LaunchScreen.storyboard;
			sourceTree = "<group>";
		};
/* End PBXVariantGroup section */

/* Begin XCBuildConfiguration section */
		F04FB59B1EC25D2C00CE3FCD /* Debug */ = {
			isa = XCBuildConfiguration;
			buildSettings = {
				ALWAYS_SEARCH_USER_PATHS = NO;
				CLANG_ANALYZER_NONNULL = YES;
				CLANG_ANALYZER_NUMBER_OBJECT_CONVERSION = YES_AGGRESSIVE;
				CLANG_CXX_LANGUAGE_STANDARD = "gnu++0x";
				CLANG_CXX_LIBRARY = "libc++";
				CLANG_ENABLE_MODULES = YES;
				CLANG_ENABLE_OBJC_ARC = YES;
				CLANG_WARN_BOOL_CONVERSION = YES;
				CLANG_WARN_CONSTANT_CONVERSION = YES;
				CLANG_WARN_DIRECT_OBJC_ISA_USAGE = YES_ERROR;
				CLANG_WARN_DOCUMENTATION_COMMENTS = YES;
				CLANG_WARN_EMPTY_BODY = YES;
				CLANG_WARN_ENUM_CONVERSION = YES;
				CLANG_WARN_INFINITE_RECURSION = YES;
				CLANG_WARN_INT_CONVERSION = YES;
				CLANG_WARN_OBJC_ROOT_CLASS = YES_ERROR;
				CLANG_WARN_SUSPICIOUS_MOVE = YES;
				CLANG_WARN_UNREACHABLE_CODE = YES;
				CLANG_WARN__DUPLICATE_METHOD_MATCH = YES;
				"CODE_SIGN_IDENTITY[sdk=iphoneos*]" = "iPhone Developer";
				COPY_PHASE_STRIP = NO;
				DEBUG_INFORMATION_FORMAT = dwarf;
				ENABLE_STRICT_OBJC_MSGSEND = YES;
				ENABLE_TESTABILITY = YES;
				GCC_C_LANGUAGE_STANDARD = gnu99;
				GCC_DYNAMIC_NO_PIC = NO;
				GCC_NO_COMMON_BLOCKS = YES;
				GCC_OPTIMIZATION_LEVEL = 0;
				GCC_PREPROCESSOR_DEFINITIONS = (
					"DEBUG=1",
					"$(inherited)",
				);
				GCC_WARN_64_TO_32_BIT_CONVERSION = YES;
				GCC_WARN_ABOUT_RETURN_TYPE = YES_ERROR;
				GCC_WARN_UNDECLARED_SELECTOR = YES;
				GCC_WARN_UNINITIALIZED_AUTOS = YES_AGGRESSIVE;
				GCC_WARN_UNUSED_FUNCTION = YES;
				GCC_WARN_UNUSED_VARIABLE = YES;
				IPHONEOS_DEPLOYMENT_TARGET = 10.3;
				MTL_ENABLE_DEBUG_INFO = YES;
				ONLY_ACTIVE_ARCH = YES;
				SDKROOT = iphoneos;
				SWIFT_ACTIVE_COMPILATION_CONDITIONS = DEBUG;
				SWIFT_OPTIMIZATION_LEVEL = "-Onone";
				TARGETED_DEVICE_FAMILY = "1,2";
			};
			name = Debug;
		};
		F04FB59C1EC25D2C00CE3FCD /* Release */ = {
			isa = XCBuildConfiguration;
			buildSettings = {
				ALWAYS_SEARCH_USER_PATHS = NO;
				CLANG_ANALYZER_NONNULL = YES;
				CLANG_ANALYZER_NUMBER_OBJECT_CONVERSION = YES_AGGRESSIVE;
				CLANG_CXX_LANGUAGE_STANDARD = "gnu++0x";
				CLANG_CXX_LIBRARY = "libc++";
				CLANG_ENABLE_MODULES = YES;
				CLANG_ENABLE_OBJC_ARC = YES;
				CLANG_WARN_BOOL_CONVERSION = YES;
				CLANG_WARN_CONSTANT_CONVERSION = YES;
				CLANG_WARN_DIRECT_OBJC_ISA_USAGE = YES_ERROR;
				CLANG_WARN_DOCUMENTATION_COMMENTS = YES;
				CLANG_WARN_EMPTY_BODY = YES;
				CLANG_WARN_ENUM_CONVERSION = YES;
				CLANG_WARN_INFINITE_RECURSION = YES;
				CLANG_WARN_INT_CONVERSION = YES;
				CLANG_WARN_OBJC_ROOT_CLASS = YES_ERROR;
				CLANG_WARN_SUSPICIOUS_MOVE = YES;
				CLANG_WARN_UNREACHABLE_CODE = YES;
				CLANG_WARN__DUPLICATE_METHOD_MATCH = YES;
				"CODE_SIGN_IDENTITY[sdk=iphoneos*]" = "iPhone Developer";
				COPY_PHASE_STRIP = NO;
				DEBUG_INFORMATION_FORMAT = "dwarf-with-dsym";
				ENABLE_NS_ASSERTIONS = NO;
				ENABLE_STRICT_OBJC_MSGSEND = YES;
				GCC_C_LANGUAGE_STANDARD = gnu99;
				GCC_NO_COMMON_BLOCKS = YES;
				GCC_WARN_64_TO_32_BIT_CONVERSION = YES;
				GCC_WARN_ABOUT_RETURN_TYPE = YES_ERROR;
				GCC_WARN_UNDECLARED_SELECTOR = YES;
				GCC_WARN_UNINITIALIZED_AUTOS = YES_AGGRESSIVE;
				GCC_WARN_UNUSED_FUNCTION = YES;
				GCC_WARN_UNUSED_VARIABLE = YES;
				IPHONEOS_DEPLOYMENT_TARGET = 10.3;
				MTL_ENABLE_DEBUG_INFO = NO;
				SDKROOT = iphoneos;
				SWIFT_OPTIMIZATION_LEVEL = "-Owholemodule";
				TARGETED_DEVICE_FAMILY = "1,2";
				VALIDATE_PRODUCT = YES;
			};
			name = Release;
		};
		F04FB59E1EC25D2C00CE3FCD /* Debug */ = {
			isa = XCBuildConfiguration;
			baseConfigurationReference = 0014A35FC4928291F9E74DE1 /* Pods-RainShineCloud.debug.xcconfig */;
			buildSettings = {
				ASSETCATALOG_COMPILER_APPICON_NAME = AppIcon;
				DEVELOPMENT_TEAM = 3D7B87QZGQ;
				INFOPLIST_FILE = RainShineCloud/Info.plist;
				LD_RUNPATH_SEARCH_PATHS = "$(inherited) @executable_path/Frameworks";
				PRODUCT_BUNDLE_IDENTIFIER = com.sm2photo.RainShineCloud;
				PRODUCT_NAME = "$(TARGET_NAME)";
				SWIFT_VERSION = 3.0;
			};
			name = Debug;
		};
		F04FB59F1EC25D2C00CE3FCD /* Release */ = {
			isa = XCBuildConfiguration;
			baseConfigurationReference = 3E54FC2403BE364220C52AD8 /* Pods-RainShineCloud.release.xcconfig */;
			buildSettings = {
				ASSETCATALOG_COMPILER_APPICON_NAME = AppIcon;
				DEVELOPMENT_TEAM = 3D7B87QZGQ;
				INFOPLIST_FILE = RainShineCloud/Info.plist;
				LD_RUNPATH_SEARCH_PATHS = "$(inherited) @executable_path/Frameworks";
				PRODUCT_BUNDLE_IDENTIFIER = com.sm2photo.RainShineCloud;
				PRODUCT_NAME = "$(TARGET_NAME)";
				SWIFT_VERSION = 3.0;
			};
			name = Release;
		};
/* End XCBuildConfiguration section */

/* Begin XCConfigurationList section */
		F04FB5861EC25D2C00CE3FCD /* Build configuration list for PBXProject "RainShineCloud" */ = {
			isa = XCConfigurationList;
			buildConfigurations = (
				F04FB59B1EC25D2C00CE3FCD /* Debug */,
				F04FB59C1EC25D2C00CE3FCD /* Release */,
			);
			defaultConfigurationIsVisible = 0;
			defaultConfigurationName = Release;
		};
		F04FB59D1EC25D2C00CE3FCD /* Build configuration list for PBXNativeTarget "RainShineCloud" */ = {
			isa = XCConfigurationList;
			buildConfigurations = (
				F04FB59E1EC25D2C00CE3FCD /* Debug */,
				F04FB59F1EC25D2C00CE3FCD /* Release */,
			);
			defaultConfigurationIsVisible = 0;
			defaultConfigurationName = Release;
		};
/* End XCConfigurationList section */
	};
	rootObject = F04FB5831EC25D2C00CE3FCD /* Project object */;
}
